
Microsoft Visual Studio Solution File, Format Version 12.00
# Visual Studio Version 17
VisualStudioVersion = 17.12.35707.178 d17.12
MinimumVisualStudioVersion = 10.0.40219.1
Project("{FAE04EC0-301F-11D3-BF4B-00C04F79EFBC}") = "UserRegister", "UserRegister.csproj", "{F5695296-3644-49CB-9A32-141DE265ECEC}"
EndProject
Project("{FAE04EC0-301F-11D3-BF4B-00C04F79EFBC}") = "BusinessLayer", "..\..\UserRegister\BussinessLayer\BusinessLayer.csproj", "{165359D1-96DE-4D5F-9CD9-238D2D5B7E0F}"
EndProject
Project("{FAE04EC0-301F-11D3-BF4B-00C04F79EFBC}") = "RepositoryLevel", "..\..\UserRegister\RepositoryLevel\RepositoryLevel.csproj", "{B3B56C0B-2556-4A7B-BCFC-AE661F9F09A5}"
EndProject
Project("{FAE04EC0-301F-11D3-BF4B-00C04F79EFBC}") = "ModelLayer", "..\..\UserRegister\ModelLayer\ModelLayer.csproj", "{D8F12883-545D-4416-9ABF-614EB4716BA3}"
EndProject
Global
	GlobalSection(SolutionConfigurationPlatforms) = preSolution
		Debug|Any CPU = Debug|Any CPU
		Release|Any CPU = Release|Any CPU
	EndGlobalSection
	GlobalSection(ProjectConfigurationPlatforms) = postSolution
		{F5695296-3644-49CB-9A32-141DE265ECEC}.Debug|Any CPU.ActiveCfg = Debug|Any CPU
		{F5695296-3644-49CB-9A32-141DE265ECEC}.Debug|Any CPU.Build.0 = Debug|Any CPU
		{F5695296-3644-49CB-9A32-141DE265ECEC}.Release|Any CPU.ActiveCfg = Release|Any CPU
		{F5695296-3644-49CB-9A32-141DE265ECEC}.Release|Any CPU.Build.0 = Release|Any CPU
		{165359D1-96DE-4D5F-9CD9-238D2D5B7E0F}.Debug|Any CPU.ActiveCfg = Debug|Any CPU
		{165359D1-96DE-4D5F-9CD9-238D2D5B7E0F}.Debug|Any CPU.Build.0 = Debug|Any CPU
		{165359D1-96DE-4D5F-9CD9-238D2D5B7E0F}.Release|Any CPU.ActiveCfg = Release|Any CPU
		{165359D1-96DE-4D5F-9CD9-238D2D5B7E0F}.Release|Any CPU.Build.0 = Release|Any CPU
		{B3B56C0B-2556-4A7B-BCFC-AE661F9F09A5}.Debug|Any CPU.ActiveCfg = Debug|Any CPU
		{B3B56C0B-2556-4A7B-BCFC-AE661F9F09A5}.Debug|Any CPU.Build.0 = Debug|Any CPU
		{B3B56C0B-2556-4A7B-BCFC-AE661F9F09A5}.Release|Any CPU.ActiveCfg = Release|Any CPU
		{B3B56C0B-2556-4A7B-BCFC-AE661F9F09A5}.Release|Any CPU.Build.0 = Release|Any CPU
		{D8F12883-545D-4416-9ABF-614EB4716BA3}.Debug|Any CPU.ActiveCfg = Debug|Any CPU
		{D8F12883-545D-4416-9ABF-614EB4716BA3}.Debug|Any CPU.Build.0 = Debug|Any CPU
		{D8F12883-545D-4416-9ABF-614EB4716BA3}.Release|Any CPU.ActiveCfg = Release|Any CPU
		{D8F12883-545D-4416-9ABF-614EB4716BA3}.Release|Any CPU.Build.0 = Release|Any CPU
	EndGlobalSection
	GlobalSection(SolutionProperties) = preSolution
		HideSolutionNode = FALSE
	EndGlobalSection
EndGlobal
